
Microsoft Visual Studio Solution File, Format Version 12.00
# Visual Studio 15
VisualStudioVersion = 15.0.28010.2048
MinimumVisualStudioVersion = 10.0.40219.1
Project("{FAE04EC0-301F-11D3-BF4B-00C04F79EFBC}") = "WebAPIXYInc", "WebAPIXYInc\WebAPIXYInc.csproj", "{BDFB51C7-F537-4183-8E02-96210E15CF42}"
EndProject
Global
	GlobalSection(SolutionConfigurationPlatforms) = preSolution
		Debug|Any CPU = Debug|Any CPU
		Release|Any CPU = Release|Any CPU
	EndGlobalSection
	GlobalSection(ProjectConfigurationPlatforms) = postSolution
		{BDFB51C7-F537-4183-8E02-96210E15CF42}.Debug|Any CPU.ActiveCfg = Debug|Any CPU
		{BDFB51C7-F537-4183-8E02-96210E15CF42}.Debug|Any CPU.Build.0 = Debug|Any CPU
		{BDFB51C7-F537-4183-8E02-96210E15CF42}.Release|Any CPU.ActiveCfg = Release|Any CPU
		{BDFB51C7-F537-4183-8E02-96210E15CF42}.Release|Any CPU.Build.0 = Release|Any CPU
	EndGlobalSection
	GlobalSection(SolutionProperties) = preSolution
		HideSolutionNode = FALSE
	EndGlobalSection
	GlobalSection(ExtensibilityGlobals) = postSolution
		SolutionGuid = {1136F9CA-717A-4FEC-A661-5D1C29AB88B8}
	EndGlobalSection
EndGlobal
