
Microsoft Visual Studio Solution File, Format Version 12.00
# Visual Studio 15
VisualStudioVersion = 15.0.28010.2048
MinimumVisualStudioVersion = 10.0.40219.1
Project("{9A19103F-16F7-4668-BE54-9A1E7A4F7556}") = "WebAPIXYInc", "WebAPIXYInc\WebAPIXYInc.csproj", "{BDFB51C7-F537-4183-8E02-96210E15CF42}"
EndProject
Project("{9A19103F-16F7-4668-BE54-9A1E7A4F7556}") = "Data", "Data\Data.csproj", "{29CBABE1-4BFC-47B2-81C5-20EEADC9FB28}"
EndProject
Project("{9A19103F-16F7-4668-BE54-9A1E7A4F7556}") = "Model", "Model\Model.csproj", "{EF3E554F-1B2E-47EF-ACD8-CA4776776903}"
EndProject
Project("{9A19103F-16F7-4668-BE54-9A1E7A4F7556}") = "Business", "Business\Business.csproj", "{CBE4AB6E-5880-41E5-A3D9-5EA612A9465D}"
EndProject
Project("{FAE04EC0-301F-11D3-BF4B-00C04F79EFBC}") = "XUnitTest", "XUnitTest\XUnitTest.csproj", "{D631A674-68C6-466E-915B-3F6628EFC81D}"
EndProject
Global
	GlobalSection(SolutionConfigurationPlatforms) = preSolution
		Debug|Any CPU = Debug|Any CPU
		Release|Any CPU = Release|Any CPU
	EndGlobalSection
	GlobalSection(ProjectConfigurationPlatforms) = postSolution
		{BDFB51C7-F537-4183-8E02-96210E15CF42}.Debug|Any CPU.ActiveCfg = Debug|Any CPU
		{BDFB51C7-F537-4183-8E02-96210E15CF42}.Debug|Any CPU.Build.0 = Debug|Any CPU
		{BDFB51C7-F537-4183-8E02-96210E15CF42}.Release|Any CPU.ActiveCfg = Release|Any CPU
		{BDFB51C7-F537-4183-8E02-96210E15CF42}.Release|Any CPU.Build.0 = Release|Any CPU
		{29CBABE1-4BFC-47B2-81C5-20EEADC9FB28}.Debug|Any CPU.ActiveCfg = Debug|Any CPU
		{29CBABE1-4BFC-47B2-81C5-20EEADC9FB28}.Debug|Any CPU.Build.0 = Debug|Any CPU
		{29CBABE1-4BFC-47B2-81C5-20EEADC9FB28}.Release|Any CPU.ActiveCfg = Release|Any CPU
		{29CBABE1-4BFC-47B2-81C5-20EEADC9FB28}.Release|Any CPU.Build.0 = Release|Any CPU
		{EF3E554F-1B2E-47EF-ACD8-CA4776776903}.Debug|Any CPU.ActiveCfg = Debug|Any CPU
		{EF3E554F-1B2E-47EF-ACD8-CA4776776903}.Debug|Any CPU.Build.0 = Debug|Any CPU
		{EF3E554F-1B2E-47EF-ACD8-CA4776776903}.Release|Any CPU.ActiveCfg = Release|Any CPU
		{EF3E554F-1B2E-47EF-ACD8-CA4776776903}.Release|Any CPU.Build.0 = Release|Any CPU
		{CBE4AB6E-5880-41E5-A3D9-5EA612A9465D}.Debug|Any CPU.ActiveCfg = Debug|Any CPU
		{CBE4AB6E-5880-41E5-A3D9-5EA612A9465D}.Debug|Any CPU.Build.0 = Debug|Any CPU
		{CBE4AB6E-5880-41E5-A3D9-5EA612A9465D}.Release|Any CPU.ActiveCfg = Release|Any CPU
		{CBE4AB6E-5880-41E5-A3D9-5EA612A9465D}.Release|Any CPU.Build.0 = Release|Any CPU
		{D631A674-68C6-466E-915B-3F6628EFC81D}.Debug|Any CPU.ActiveCfg = Debug|Any CPU
		{D631A674-68C6-466E-915B-3F6628EFC81D}.Debug|Any CPU.Build.0 = Debug|Any CPU
		{D631A674-68C6-466E-915B-3F6628EFC81D}.Release|Any CPU.ActiveCfg = Release|Any CPU
		{D631A674-68C6-466E-915B-3F6628EFC81D}.Release|Any CPU.Build.0 = Release|Any CPU
	EndGlobalSection
	GlobalSection(SolutionProperties) = preSolution
		HideSolutionNode = FALSE
	EndGlobalSection
	GlobalSection(ExtensibilityGlobals) = postSolution
		SolutionGuid = {1136F9CA-717A-4FEC-A661-5D1C29AB88B8}
	EndGlobalSection
EndGlobal
